
Microsoft Visual Studio Solution File, Format Version 12.00
# Visual Studio Version 17
VisualStudioVersion = 17.13.35806.99
MinimumVisualStudioVersion = 10.0.40219.1
Project("{2150E333-8FDC-42A3-9474-1A3956D46DE8}") = "src", "src", "{02EA681E-C7D8-13C7-8484-4AC65E1B71E8}"
EndProject
Project("{2150E333-8FDC-42A3-9474-1A3956D46DE8}") = "tests", "tests", "{528A600C-A379-439E-AE8F-B9648E1B2BA0}"
EndProject
Project("{2150E333-8FDC-42A3-9474-1A3956D46DE8}") = "Core", "Core", "{89482D41-D270-47B3-A66C-4D492AE7EF54}"
EndProject
Project("{FAE04EC0-301F-11D3-BF4B-00C04F79EFBC}") = "UriLix.API", "src\UriLix.API\UriLix.API.csproj", "{3D52DC37-DB9B-FAF4-8A1E-0B2ABADFC717}"
EndProject
Project("{E53339B2-1760-4266-BCC7-CA923CBCF16C}") = "docker-compose", "docker-compose.dcproj", "{81DDED9D-158B-E303-5F62-77A2896D2A5A}"
EndProject
Project("{FAE04EC0-301F-11D3-BF4B-00C04F79EFBC}") = "UriLix.Domain", "src\Core\UriLix.Domain\UriLix.Domain.csproj", "{86572CD4-8A4B-4903-BD67-1F11C32B4E09}"
EndProject
Project("{FAE04EC0-301F-11D3-BF4B-00C04F79EFBC}") = "UriLix.Persistence", "src\Core\Urilix.Persistence\UriLix.Persistence.csproj", "{27E08BCB-C7A0-4AAD-9CA2-92993756EF6D}"
EndProject
Project("{2150E333-8FDC-42A3-9474-1A3956D46DE8}") = "Systems", "Systems", "{150D0968-096E-4096-96AA-0A36BB855142}"
EndProject
Project("{FAE04EC0-301F-11D3-BF4B-00C04F79EFBC}") = "UriLix.Persistence.IntegrationTest", "tests\Systems\UriLix.Persistence.Test\UriLix.Persistence.IntegrationTest.csproj", "{4729BA81-FFC1-4942-8926-3FAA5061BE0A}"
EndProject
Project("{FAE04EC0-301F-11D3-BF4B-00C04F79EFBC}") = "UriLix.Shared", "src\UriLix.Shared\UriLix.Shared.csproj", "{DAF6AFF9-6154-4F94-18AE-D446AB2DF2CF}"
EndProject
Project("{FAE04EC0-301F-11D3-BF4B-00C04F79EFBC}") = "UriLix.Application", "src\Core\UriLix.Application\UriLix.Application.csproj", "{24843F55-66E4-446F-943F-72C2E1856D87}"
EndProject
Project("{FAE04EC0-301F-11D3-BF4B-00C04F79EFBC}") = "UriLix.Application.UnitTest", "tests\Systems\UriLix.Application.UnitTest\UriLix.Application.UnitTest.csproj", "{34B729D4-3B91-4F7B-8846-43EF7C9C1EB6}"
EndProject
Project("{FAE04EC0-301F-11D3-BF4B-00C04F79EFBC}") = "UriLix.API.IntegrationTest", "tests\Systems\UriLix.API.IntegrationTest\UriLix.API.IntegrationTest.csproj", "{277D0C99-5C23-43A9-AC96-D3D956A14A20}"
EndProject
Project("{2150E333-8FDC-42A3-9474-1A3956D46DE8}") = "unittests", "unittests", "{D01BF4C4-9366-40D8-9675-FD0DEA6D8B22}"
EndProject
Project("{2150E333-8FDC-42A3-9474-1A3956D46DE8}") = "integrationtests", "integrationtests", "{55F47D11-9C07-4352-9E19-B88E454ED256}"
EndProject
Global
	GlobalSection(SolutionConfigurationPlatforms) = preSolution
		Debug|Any CPU = Debug|Any CPU
		Release|Any CPU = Release|Any CPU
	EndGlobalSection
	GlobalSection(ProjectConfigurationPlatforms) = postSolution
		{3D52DC37-DB9B-FAF4-8A1E-0B2ABADFC717}.Debug|Any CPU.ActiveCfg = Debug|Any CPU
		{3D52DC37-DB9B-FAF4-8A1E-0B2ABADFC717}.Debug|Any CPU.Build.0 = Debug|Any CPU
		{3D52DC37-DB9B-FAF4-8A1E-0B2ABADFC717}.Release|Any CPU.ActiveCfg = Release|Any CPU
		{3D52DC37-DB9B-FAF4-8A1E-0B2ABADFC717}.Release|Any CPU.Build.0 = Release|Any CPU
		{81DDED9D-158B-E303-5F62-77A2896D2A5A}.Debug|Any CPU.ActiveCfg = Debug|Any CPU
		{81DDED9D-158B-E303-5F62-77A2896D2A5A}.Debug|Any CPU.Build.0 = Debug|Any CPU
		{81DDED9D-158B-E303-5F62-77A2896D2A5A}.Release|Any CPU.ActiveCfg = Release|Any CPU
		{81DDED9D-158B-E303-5F62-77A2896D2A5A}.Release|Any CPU.Build.0 = Release|Any CPU
		{86572CD4-8A4B-4903-BD67-1F11C32B4E09}.Debug|Any CPU.ActiveCfg = Debug|Any CPU
		{86572CD4-8A4B-4903-BD67-1F11C32B4E09}.Debug|Any CPU.Build.0 = Debug|Any CPU
		{86572CD4-8A4B-4903-BD67-1F11C32B4E09}.Release|Any CPU.ActiveCfg = Release|Any CPU
		{86572CD4-8A4B-4903-BD67-1F11C32B4E09}.Release|Any CPU.Build.0 = Release|Any CPU
		{27E08BCB-C7A0-4AAD-9CA2-92993756EF6D}.Debug|Any CPU.ActiveCfg = Debug|Any CPU
		{27E08BCB-C7A0-4AAD-9CA2-92993756EF6D}.Debug|Any CPU.Build.0 = Debug|Any CPU
		{27E08BCB-C7A0-4AAD-9CA2-92993756EF6D}.Release|Any CPU.ActiveCfg = Release|Any CPU
		{27E08BCB-C7A0-4AAD-9CA2-92993756EF6D}.Release|Any CPU.Build.0 = Release|Any CPU
		{4729BA81-FFC1-4942-8926-3FAA5061BE0A}.Debug|Any CPU.ActiveCfg = Debug|Any CPU
		{4729BA81-FFC1-4942-8926-3FAA5061BE0A}.Debug|Any CPU.Build.0 = Debug|Any CPU
		{4729BA81-FFC1-4942-8926-3FAA5061BE0A}.Release|Any CPU.ActiveCfg = Release|Any CPU
		{4729BA81-FFC1-4942-8926-3FAA5061BE0A}.Release|Any CPU.Build.0 = Release|Any CPU
		{DAF6AFF9-6154-4F94-18AE-D446AB2DF2CF}.Debug|Any CPU.ActiveCfg = Debug|Any CPU
		{DAF6AFF9-6154-4F94-18AE-D446AB2DF2CF}.Debug|Any CPU.Build.0 = Debug|Any CPU
		{DAF6AFF9-6154-4F94-18AE-D446AB2DF2CF}.Release|Any CPU.ActiveCfg = Release|Any CPU
		{DAF6AFF9-6154-4F94-18AE-D446AB2DF2CF}.Release|Any CPU.Build.0 = Release|Any CPU
		{24843F55-66E4-446F-943F-72C2E1856D87}.Debug|Any CPU.ActiveCfg = Debug|Any CPU
		{24843F55-66E4-446F-943F-72C2E1856D87}.Debug|Any CPU.Build.0 = Debug|Any CPU
		{24843F55-66E4-446F-943F-72C2E1856D87}.Release|Any CPU.ActiveCfg = Release|Any CPU
		{24843F55-66E4-446F-943F-72C2E1856D87}.Release|Any CPU.Build.0 = Release|Any CPU
		{34B729D4-3B91-4F7B-8846-43EF7C9C1EB6}.Debug|Any CPU.ActiveCfg = Debug|Any CPU
		{34B729D4-3B91-4F7B-8846-43EF7C9C1EB6}.Debug|Any CPU.Build.0 = Debug|Any CPU
		{34B729D4-3B91-4F7B-8846-43EF7C9C1EB6}.Release|Any CPU.ActiveCfg = Release|Any CPU
		{34B729D4-3B91-4F7B-8846-43EF7C9C1EB6}.Release|Any CPU.Build.0 = Release|Any CPU
		{277D0C99-5C23-43A9-AC96-D3D956A14A20}.Debug|Any CPU.ActiveCfg = Debug|Any CPU
		{277D0C99-5C23-43A9-AC96-D3D956A14A20}.Debug|Any CPU.Build.0 = Debug|Any CPU
		{277D0C99-5C23-43A9-AC96-D3D956A14A20}.Release|Any CPU.ActiveCfg = Release|Any CPU
		{277D0C99-5C23-43A9-AC96-D3D956A14A20}.Release|Any CPU.Build.0 = Release|Any CPU
	EndGlobalSection
	GlobalSection(SolutionProperties) = preSolution
		HideSolutionNode = FALSE
	EndGlobalSection
	GlobalSection(NestedProjects) = preSolution
		{89482D41-D270-47B3-A66C-4D492AE7EF54} = {02EA681E-C7D8-13C7-8484-4AC65E1B71E8}
		{3D52DC37-DB9B-FAF4-8A1E-0B2ABADFC717} = {02EA681E-C7D8-13C7-8484-4AC65E1B71E8}
		{86572CD4-8A4B-4903-BD67-1F11C32B4E09} = {89482D41-D270-47B3-A66C-4D492AE7EF54}
		{27E08BCB-C7A0-4AAD-9CA2-92993756EF6D} = {89482D41-D270-47B3-A66C-4D492AE7EF54}
		{150D0968-096E-4096-96AA-0A36BB855142} = {528A600C-A379-439E-AE8F-B9648E1B2BA0}
		{4729BA81-FFC1-4942-8926-3FAA5061BE0A} = {55F47D11-9C07-4352-9E19-B88E454ED256}
		{DAF6AFF9-6154-4F94-18AE-D446AB2DF2CF} = {02EA681E-C7D8-13C7-8484-4AC65E1B71E8}
		{24843F55-66E4-446F-943F-72C2E1856D87} = {89482D41-D270-47B3-A66C-4D492AE7EF54}
		{34B729D4-3B91-4F7B-8846-43EF7C9C1EB6} = {D01BF4C4-9366-40D8-9675-FD0DEA6D8B22}
		{277D0C99-5C23-43A9-AC96-D3D956A14A20} = {55F47D11-9C07-4352-9E19-B88E454ED256}
		{D01BF4C4-9366-40D8-9675-FD0DEA6D8B22} = {150D0968-096E-4096-96AA-0A36BB855142}
		{55F47D11-9C07-4352-9E19-B88E454ED256} = {150D0968-096E-4096-96AA-0A36BB855142}
	EndGlobalSection
	GlobalSection(ExtensibilityGlobals) = postSolution
		SolutionGuid = {7C24ED0E-C2FE-432D-A10A-A6B1145FAEFD}
	EndGlobalSection
EndGlobal
