
Microsoft Visual Studio Solution File, Format Version 12.00
# Visual Studio Version 17
VisualStudioVersion = 17.13.35806.99
MinimumVisualStudioVersion = 10.0.40219.1
Project("{2150E333-8FDC-42A3-9474-1A3956D46DE8}") = "src", "src", "{02EA681E-C7D8-13C7-8484-4AC65E1B71E8}"
EndProject
Project("{2150E333-8FDC-42A3-9474-1A3956D46DE8}") = "tests", "tests", "{528A600C-A379-439E-AE8F-B9648E1B2BA0}"
EndProject
Project("{2150E333-8FDC-42A3-9474-1A3956D46DE8}") = "Core", "Core", "{89482D41-D270-47B3-A66C-4D492AE7EF54}"
EndProject
Project("{FAE04EC0-301F-11D3-BF4B-00C04F79EFBC}") = "UriLix.API", "src\UriLix.API\UriLix.API.csproj", "{7725CE2E-7BD7-4375-A769-AA9E5971F9CE}"
EndProject
Global
	GlobalSection(SolutionConfigurationPlatforms) = preSolution
		Debug|Any CPU = Debug|Any CPU
		Release|Any CPU = Release|Any CPU
	EndGlobalSection
	GlobalSection(ProjectConfigurationPlatforms) = postSolution
		{7725CE2E-7BD7-4375-A769-AA9E5971F9CE}.Debug|Any CPU.ActiveCfg = Debug|Any CPU
		{7725CE2E-7BD7-4375-A769-AA9E5971F9CE}.Debug|Any CPU.Build.0 = Debug|Any CPU
		{7725CE2E-7BD7-4375-A769-AA9E5971F9CE}.Release|Any CPU.ActiveCfg = Release|Any CPU
		{7725CE2E-7BD7-4375-A769-AA9E5971F9CE}.Release|Any CPU.Build.0 = Release|Any CPU
	EndGlobalSection
	GlobalSection(SolutionProperties) = preSolution
		HideSolutionNode = FALSE
	EndGlobalSection
	GlobalSection(NestedProjects) = preSolution
		{89482D41-D270-47B3-A66C-4D492AE7EF54} = {02EA681E-C7D8-13C7-8484-4AC65E1B71E8}
		{7725CE2E-7BD7-4375-A769-AA9E5971F9CE} = {89482D41-D270-47B3-A66C-4D492AE7EF54}
	EndGlobalSection
	GlobalSection(ExtensibilityGlobals) = postSolution
		SolutionGuid = {7C24ED0E-C2FE-432D-A10A-A6B1145FAEFD}
	EndGlobalSection
EndGlobal
